
Microsoft Visual Studio Solution File, Format Version 12.00
# Visual Studio Version 17
VisualStudioVersion = 17.10.35122.118
MinimumVisualStudioVersion = 10.0.40219.1
Project("{8BC9CEB8-8B4A-11D0-8D11-00A0C91BC942}") = "Lab 2 - vector", "Lab 2 - vector\Lab 2 - vector.vcxproj", "{D817741C-069A-42A4-8ED3-50A260429FEB}"
EndProject
Global
	GlobalSection(SolutionConfigurationPlatforms) = preSolution
		Debug|x64 = Debug|x64
		Debug|x86 = Debug|x86
		Release|x64 = Release|x64
		Release|x86 = Release|x86
	EndGlobalSection
	GlobalSection(ProjectConfigurationPlatforms) = postSolution
		{D817741C-069A-42A4-8ED3-50A260429FEB}.Debug|x64.ActiveCfg = Debug|x64
		{D817741C-069A-42A4-8ED3-50A260429FEB}.Debug|x64.Build.0 = Debug|x64
		{D817741C-069A-42A4-8ED3-50A260429FEB}.Debug|x86.ActiveCfg = Debug|Win32
		{D817741C-069A-42A4-8ED3-50A260429FEB}.Debug|x86.Build.0 = Debug|Win32
		{D817741C-069A-42A4-8ED3-50A260429FEB}.Release|x64.ActiveCfg = Release|x64
		{D817741C-069A-42A4-8ED3-50A260429FEB}.Release|x64.Build.0 = Release|x64
		{D817741C-069A-42A4-8ED3-50A260429FEB}.Release|x86.ActiveCfg = Release|Win32
		{D817741C-069A-42A4-8ED3-50A260429FEB}.Release|x86.Build.0 = Release|Win32
	EndGlobalSection
	GlobalSection(SolutionProperties) = preSolution
		HideSolutionNode = FALSE
	EndGlobalSection
	GlobalSection(ExtensibilityGlobals) = postSolution
		SolutionGuid = {C4105F92-2A0E-48DA-9E3A-1D0EC927FF1E}
	EndGlobalSection
EndGlobal
