<?xml version="1.0" encoding="utf-8"?>
<Project ToolsVersion="4.0" xmlns="http://schemas.microsoft.com/developer/msbuild/2003">
  <ItemGroup>
    <Filter Include="Source Files">
      <UniqueIdentifier>{4FC737F1-C7A5-4376-A066-2A32D752A2FF}</UniqueIdentifier>
      <Extensions>cpp;c;cc;cxx;c++;cppm;ixx;def;odl;idl;hpj;bat;asm;asmx</Extensions>
    </Filter>
    <Filter Include="Header Files">
      <UniqueIdentifier>{93995380-89BD-4b04-88EB-625FBE52EBFB}</UniqueIdentifier>
      <Extensions>h;hh;hpp;hxx;h++;hm;inl;inc;ipp;xsd</Extensions>
    </Filter>
    <Filter Include="Resource Files">
      <UniqueIdentifier>{67DA6AB6-F800-4c08-8B7A-83BB121AAD01}</UniqueIdentifier>
      <Extensions>rc;ico;cur;bmp;dlg;rc2;rct;bin;rgs;gif;jpg;jpeg;jpe;resx;tiff;tif;png;wav;mfcribbon-ms</Extensions>
    </Filter>
    <Filter Include="Header Files\DO NOT CHANGE">
      <UniqueIdentifier>{469e48ff-2647-4cea-8670-53826ae7ce9d}</UniqueIdentifier>
    </Filter>
    <Filter Include="Source Files\DO NOT CHANGE">
      <UniqueIdentifier>{bb5fabc2-17c5-4679-826d-fafb4ae32e0b}</UniqueIdentifier>
    </Filter>
    <Filter Include="Header Files\Student Lab Files">
      <UniqueIdentifier>{b3c0ef8d-ea96-4beb-8da7-4b0f6041a1fc}</UniqueIdentifier>
    </Filter>
  </ItemGroup>
  <ItemGroup>
    <ClInclude Include="Lab4.h">
      <Filter>Header Files\Student Lab Files</Filter>
    </ClInclude>
    <ClInclude Include="TestFiles\Console.h">
      <Filter>Header Files\DO NOT CHANGE</Filter>
    </ClInclude>
    <ClInclude Include="TestFiles\Memory_Management.h">
      <Filter>Header Files\DO NOT CHANGE</Filter>
    </ClInclude>
    <ClInclude Include="TestFiles\ResultsLib.h">
      <Filter>Header Files\DO NOT CHANGE</Filter>
    </ClInclude>
    <ClInclude Include="TestFiles\TestHarness.h">
      <Filter>Header Files\DO NOT CHANGE</Filter>
    </ClInclude>
    <ClInclude Include="TestFiles\UnitTestHelper.h">
      <Filter>Header Files\DO NOT CHANGE</Filter>
    </ClInclude>
    <ClInclude Include="TestFiles\UnitTests_Lab4.h">
      <Filter>Header Files\DO NOT CHANGE</Filter>
    </ClInclude>
  </ItemGroup>
  <ItemGroup>
    <ClCompile Include="TestFiles\DSA_Main.cpp">
      <Filter>Source Files</Filter>
    </ClCompile>
    <ClCompile Include="TestFiles\Console.cpp">
      <Filter>Source Files\DO NOT CHANGE</Filter>
    </ClCompile>
    <ClCompile Include="TestFiles\Memory_Management.cpp">
      <Filter>Source Files\DO NOT CHANGE</Filter>
    </ClCompile>
    <ClCompile Include="TestFiles\TestHarness.cpp">
      <Filter>Source Files\DO NOT CHANGE</Filter>
    </ClCompile>
    <ClCompile Include="TestFiles\UnitTestHelper.cpp">
      <Filter>Source Files\DO NOT CHANGE</Filter>
    </ClCompile>
    <ClCompile Include="TestFiles\UnitTests_Lab4.cpp">
      <Filter>Source Files\DO NOT CHANGE</Filter>
    </ClCompile>
  </ItemGroup>
</Project>